
Microsoft Visual Studio Solution File, Format Version 12.00
# Visual Studio Version 16
VisualStudioVersion = 16.0.30104.148
MinimumVisualStudioVersion = 10.0.40219.1
Project("{FAE04EC0-301F-11D3-BF4B-00C04F79EFBC}") = "MyScriptureJournal", "MyScriptureJournal.csproj", "{FB2A3EE8-2365-40A1-A7AB-9A070E60AEFB}"
EndProject
Global
	GlobalSection(SolutionConfigurationPlatforms) = preSolution
		Debug|Any CPU = Debug|Any CPU
		Release|Any CPU = Release|Any CPU
	EndGlobalSection
	GlobalSection(ProjectConfigurationPlatforms) = postSolution
		{FB2A3EE8-2365-40A1-A7AB-9A070E60AEFB}.Debug|Any CPU.ActiveCfg = Debug|Any CPU
		{FB2A3EE8-2365-40A1-A7AB-9A070E60AEFB}.Debug|Any CPU.Build.0 = Debug|Any CPU
		{FB2A3EE8-2365-40A1-A7AB-9A070E60AEFB}.Release|Any CPU.ActiveCfg = Release|Any CPU
		{FB2A3EE8-2365-40A1-A7AB-9A070E60AEFB}.Release|Any CPU.Build.0 = Release|Any CPU
	EndGlobalSection
	GlobalSection(SolutionProperties) = preSolution
		HideSolutionNode = FALSE
	EndGlobalSection
	GlobalSection(ExtensibilityGlobals) = postSolution
		SolutionGuid = {66B1D346-188C-4FE5-8BC2-8600BA1AE04F}
	EndGlobalSection
EndGlobal
