
Microsoft Visual Studio Solution File, Format Version 12.00
# Visual Studio Version 16
VisualStudioVersion = 16.0.30104.148
MinimumVisualStudioVersion = 10.0.40219.1
Project("{FAE04EC0-301F-11D3-BF4B-00C04F79EFBC}") = "RazorPagesMovie", "RazorPagesMovie.csproj", "{57D49695-96D1-41E9-8CAE-438F0CD8BB12}"
EndProject
Global
	GlobalSection(SolutionConfigurationPlatforms) = preSolution
		Debug|Any CPU = Debug|Any CPU
		Release|Any CPU = Release|Any CPU
	EndGlobalSection
	GlobalSection(ProjectConfigurationPlatforms) = postSolution
		{57D49695-96D1-41E9-8CAE-438F0CD8BB12}.Debug|Any CPU.ActiveCfg = Debug|Any CPU
		{57D49695-96D1-41E9-8CAE-438F0CD8BB12}.Debug|Any CPU.Build.0 = Debug|Any CPU
		{57D49695-96D1-41E9-8CAE-438F0CD8BB12}.Release|Any CPU.ActiveCfg = Release|Any CPU
		{57D49695-96D1-41E9-8CAE-438F0CD8BB12}.Release|Any CPU.Build.0 = Release|Any CPU
	EndGlobalSection
	GlobalSection(SolutionProperties) = preSolution
		HideSolutionNode = FALSE
	EndGlobalSection
	GlobalSection(ExtensibilityGlobals) = postSolution
		SolutionGuid = {5026D44B-EFB1-4079-8CED-4B28217AADFD}
	EndGlobalSection
EndGlobal
