
Microsoft Visual Studio Solution File, Format Version 12.00
# Visual Studio Version 16
VisualStudioVersion = 16.0.30011.22
MinimumVisualStudioVersion = 10.0.40219.1
Project("{FAE04EC0-301F-11D3-BF4B-00C04F79EFBC}") = "ConsoleApplication", "ConsoleApplication.csproj", "{AAEFBDFD-984F-43A3-B137-CE491ADB0386}"
EndProject
Global
	GlobalSection(SolutionConfigurationPlatforms) = preSolution
		Debug|Any CPU = Debug|Any CPU
		Release|Any CPU = Release|Any CPU
	EndGlobalSection
	GlobalSection(ProjectConfigurationPlatforms) = postSolution
		{AAEFBDFD-984F-43A3-B137-CE491ADB0386}.Debug|Any CPU.ActiveCfg = Debug|Any CPU
		{AAEFBDFD-984F-43A3-B137-CE491ADB0386}.Debug|Any CPU.Build.0 = Debug|Any CPU
		{AAEFBDFD-984F-43A3-B137-CE491ADB0386}.Release|Any CPU.ActiveCfg = Release|Any CPU
		{AAEFBDFD-984F-43A3-B137-CE491ADB0386}.Release|Any CPU.Build.0 = Release|Any CPU
	EndGlobalSection
	GlobalSection(SolutionProperties) = preSolution
		HideSolutionNode = FALSE
	EndGlobalSection
	GlobalSection(ExtensibilityGlobals) = postSolution
		SolutionGuid = {1E28BBC3-1FAA-4D9B-A452-D30625D00621}
	EndGlobalSection
EndGlobal
