
Microsoft Visual Studio Solution File, Format Version 12.00
# Visual Studio Version 16
VisualStudioVersion = 16.0.30011.22
MinimumVisualStudioVersion = 10.0.40219.1
Project("{FAE04EC0-301F-11D3-BF4B-00C04F79EFBC}") = "MathQuiz", "MathQuiz.csproj", "{5A4A91D5-B328-4830-AAF6-1C8A1C9430FE}"
EndProject
Global
	GlobalSection(SolutionConfigurationPlatforms) = preSolution
		Debug|Any CPU = Debug|Any CPU
		Release|Any CPU = Release|Any CPU
	EndGlobalSection
	GlobalSection(ProjectConfigurationPlatforms) = postSolution
		{5A4A91D5-B328-4830-AAF6-1C8A1C9430FE}.Debug|Any CPU.ActiveCfg = Debug|Any CPU
		{5A4A91D5-B328-4830-AAF6-1C8A1C9430FE}.Debug|Any CPU.Build.0 = Debug|Any CPU
		{5A4A91D5-B328-4830-AAF6-1C8A1C9430FE}.Release|Any CPU.ActiveCfg = Release|Any CPU
		{5A4A91D5-B328-4830-AAF6-1C8A1C9430FE}.Release|Any CPU.Build.0 = Release|Any CPU
	EndGlobalSection
	GlobalSection(SolutionProperties) = preSolution
		HideSolutionNode = FALSE
	EndGlobalSection
	GlobalSection(ExtensibilityGlobals) = postSolution
		SolutionGuid = {2B667B1C-18FB-4AEA-9C65-A82B4B379D36}
	EndGlobalSection
EndGlobal
